// !$*UTF8*$!
{
	archiveVersion = 1;
	classes = {
	};
	objectVersion = 46;
	objects = {

/* Begin PBXBuildFile section */
		8104CFD51D903B4800CF37E9 /* PointsInWalletTableViewCell.swift in Sources */ = {isa = PBXBuildFile; fileRef = 8104CFD41D903B4800CF37E9 /* PointsInWalletTableViewCell.swift */; };
		8177072B1D834DED001EAE12 /* DashboardModel.swift in Sources */ = {isa = PBXBuildFile; fileRef = 8177072A1D834DED001EAE12 /* DashboardModel.swift */; };
		8177072D1D83548A001EAE12 /* HealthKit.framework in Frameworks */ = {isa = PBXBuildFile; fileRef = 8177072C1D83548A001EAE12 /* HealthKit.framework */; };
		817707311D8474E6001EAE12 /* History+CoreDataProperties.swift in Sources */ = {isa = PBXBuildFile; fileRef = 8177072F1D8474E6001EAE12 /* History+CoreDataProperties.swift */; };
		817707321D8474E6001EAE12 /* History.swift in Sources */ = {isa = PBXBuildFile; fileRef = 817707301D8474E6001EAE12 /* History.swift */; };
		817707361D84CF80001EAE12 /* StepsInWalletTableViewCell.swift in Sources */ = {isa = PBXBuildFile; fileRef = 817707351D84CF80001EAE12 /* StepsInWalletTableViewCell.swift */; };
		817707381D84CFB5001EAE12 /* TodaysDataTableViewCell.swift in Sources */ = {isa = PBXBuildFile; fileRef = 817707371D84CFB5001EAE12 /* TodaysDataTableViewCell.swift */; };
		8177073A1D84CFDB001EAE12 /* LevelTableViewCell.swift in Sources */ = {isa = PBXBuildFile; fileRef = 817707391D84CFDB001EAE12 /* LevelTableViewCell.swift */; };
		8177073C1D84CFFF001EAE12 /* HighScoreTableViewCell.swift in Sources */ = {isa = PBXBuildFile; fileRef = 8177073B1D84CFFF001EAE12 /* HighScoreTableViewCell.swift */; };
		8177073E1D84D022001EAE12 /* GadgetTableViewCell.swift in Sources */ = {isa = PBXBuildFile; fileRef = 8177073D1D84D022001EAE12 /* GadgetTableViewCell.swift */; };
		817707621D8A3E6B001EAE12 /* GadgetStoreViewController.swift in Sources */ = {isa = PBXBuildFile; fileRef = 817707611D8A3E6B001EAE12 /* GadgetStoreViewController.swift */; };
		817707641D8A3E90001EAE12 /* GadgetDescriptionViewController.swift in Sources */ = {isa = PBXBuildFile; fileRef = 817707631D8A3E90001EAE12 /* GadgetDescriptionViewController.swift */; };
		817707661D8B76ED001EAE12 /* GadgetStoreTableViewCell.swift in Sources */ = {isa = PBXBuildFile; fileRef = 817707651D8B76ED001EAE12 /* GadgetStoreTableViewCell.swift */; };
		81845AA11D8DEB7C00E26800 /* HistoryViewController.swift in Sources */ = {isa = PBXBuildFile; fileRef = 81845AA01D8DEB7C00E26800 /* HistoryViewController.swift */; };
		81845AA31D8DEE9500E26800 /* SettingsViewController.swift in Sources */ = {isa = PBXBuildFile; fileRef = 81845AA21D8DEE9500E26800 /* SettingsViewController.swift */; };
		81845AA71D8E337F00E26800 /* AchievemntsViewController.swift in Sources */ = {isa = PBXBuildFile; fileRef = 81845AA61D8E337F00E26800 /* AchievemntsViewController.swift */; };
		81889E241D7A5EAB00A17BF7 /* AppDelegate.swift in Sources */ = {isa = PBXBuildFile; fileRef = 81889E231D7A5EAB00A17BF7 /* AppDelegate.swift */; };
		81889E261D7A5EAB00A17BF7 /* DashboardViewController.swift in Sources */ = {isa = PBXBuildFile; fileRef = 81889E251D7A5EAB00A17BF7 /* DashboardViewController.swift */; };
		81889E291D7A5EAB00A17BF7 /* Main.storyboard in Resources */ = {isa = PBXBuildFile; fileRef = 81889E271D7A5EAB00A17BF7 /* Main.storyboard */; };
		81889E2C1D7A5EAB00A17BF7 /* Stepr.xcdatamodeld in Sources */ = {isa = PBXBuildFile; fileRef = 81889E2A1D7A5EAB00A17BF7 /* Stepr.xcdatamodeld */; };
		81889E2E1D7A5EAB00A17BF7 /* Assets.xcassets in Resources */ = {isa = PBXBuildFile; fileRef = 81889E2D1D7A5EAB00A17BF7 /* Assets.xcassets */; };
		81889E311D7A5EAB00A17BF7 /* LaunchScreen.storyboard in Resources */ = {isa = PBXBuildFile; fileRef = 81889E2F1D7A5EAB00A17BF7 /* LaunchScreen.storyboard */; };
		81EF73E71D81ADD4007C97C0 /* Util.swift in Sources */ = {isa = PBXBuildFile; fileRef = 81EF73E61D81ADD4007C97C0 /* Util.swift */; };
		81EF73EA1D81B1D7007C97C0 /* Gadget+CoreDataProperties.swift in Sources */ = {isa = PBXBuildFile; fileRef = 81EF73E81D81B1D7007C97C0 /* Gadget+CoreDataProperties.swift */; };
		81EF73EB1D81B1D7007C97C0 /* Gadget.swift in Sources */ = {isa = PBXBuildFile; fileRef = 81EF73E91D81B1D7007C97C0 /* Gadget.swift */; };
/* End PBXBuildFile section */

/* Begin PBXFileReference section */
		8104CFD41D903B4800CF37E9 /* PointsInWalletTableViewCell.swift */ = {isa = PBXFileReference; fileEncoding = 4; lastKnownFileType = sourcecode.swift; path = PointsInWalletTableViewCell.swift; sourceTree = "<group>"; };
		8177072A1D834DED001EAE12 /* DashboardModel.swift */ = {isa = PBXFileReference; fileEncoding = 4; lastKnownFileType = sourcecode.swift; path = DashboardModel.swift; sourceTree = "<group>"; };
		8177072C1D83548A001EAE12 /* HealthKit.framework */ = {isa = PBXFileReference; lastKnownFileType = wrapper.framework; name = HealthKit.framework; path = System/Library/Frameworks/HealthKit.framework; sourceTree = SDKROOT; };
		8177072E1D83548A001EAE12 /* Stepr.entitlements */ = {isa = PBXFileReference; lastKnownFileType = text.xml; path = Stepr.entitlements; sourceTree = SOURCE_ROOT; };
		8177072F1D8474E6001EAE12 /* History+CoreDataProperties.swift */ = {isa = PBXFileReference; fileEncoding = 4; lastKnownFileType = sourcecode.swift; name = "History+CoreDataProperties.swift"; path = "../History+CoreDataProperties.swift"; sourceTree = "<group>"; };
		817707301D8474E6001EAE12 /* History.swift */ = {isa = PBXFileReference; fileEncoding = 4; lastKnownFileType = sourcecode.swift; name = History.swift; path = ../History.swift; sourceTree = "<group>"; };
		817707351D84CF80001EAE12 /* StepsInWalletTableViewCell.swift */ = {isa = PBXFileReference; fileEncoding = 4; lastKnownFileType = sourcecode.swift; path = StepsInWalletTableViewCell.swift; sourceTree = "<group>"; };
		817707371D84CFB5001EAE12 /* TodaysDataTableViewCell.swift */ = {isa = PBXFileReference; fileEncoding = 4; lastKnownFileType = sourcecode.swift; path = TodaysDataTableViewCell.swift; sourceTree = "<group>"; };
		817707391D84CFDB001EAE12 /* LevelTableViewCell.swift */ = {isa = PBXFileReference; fileEncoding = 4; lastKnownFileType = sourcecode.swift; path = LevelTableViewCell.swift; sourceTree = "<group>"; };
		8177073B1D84CFFF001EAE12 /* HighScoreTableViewCell.swift */ = {isa = PBXFileReference; fileEncoding = 4; lastKnownFileType = sourcecode.swift; path = HighScoreTableViewCell.swift; sourceTree = "<group>"; };
		8177073D1D84D022001EAE12 /* GadgetTableViewCell.swift */ = {isa = PBXFileReference; fileEncoding = 4; lastKnownFileType = sourcecode.swift; path = GadgetTableViewCell.swift; sourceTree = "<group>"; };
		817707611D8A3E6B001EAE12 /* GadgetStoreViewController.swift */ = {isa = PBXFileReference; fileEncoding = 4; lastKnownFileType = sourcecode.swift; path = GadgetStoreViewController.swift; sourceTree = "<group>"; };
		817707631D8A3E90001EAE12 /* GadgetDescriptionViewController.swift */ = {isa = PBXFileReference; fileEncoding = 4; lastKnownFileType = sourcecode.swift; path = GadgetDescriptionViewController.swift; sourceTree = "<group>"; };
		817707651D8B76ED001EAE12 /* GadgetStoreTableViewCell.swift */ = {isa = PBXFileReference; fileEncoding = 4; lastKnownFileType = sourcecode.swift; path = GadgetStoreTableViewCell.swift; sourceTree = "<group>"; };
		81845AA01D8DEB7C00E26800 /* HistoryViewController.swift */ = {isa = PBXFileReference; fileEncoding = 4; lastKnownFileType = sourcecode.swift; path = HistoryViewController.swift; sourceTree = "<group>"; };
		81845AA21D8DEE9500E26800 /* SettingsViewController.swift */ = {isa = PBXFileReference; fileEncoding = 4; lastKnownFileType = sourcecode.swift; path = SettingsViewController.swift; sourceTree = "<group>"; };
		81845AA61D8E337F00E26800 /* AchievemntsViewController.swift */ = {isa = PBXFileReference; fileEncoding = 4; lastKnownFileType = sourcecode.swift; path = AchievemntsViewController.swift; sourceTree = "<group>"; };
		81889E201D7A5EAB00A17BF7 /* Stepr.app */ = {isa = PBXFileReference; explicitFileType = wrapper.application; includeInIndex = 0; path = Stepr.app; sourceTree = BUILT_PRODUCTS_DIR; };
		81889E231D7A5EAB00A17BF7 /* AppDelegate.swift */ = {isa = PBXFileReference; lastKnownFileType = sourcecode.swift; path = AppDelegate.swift; sourceTree = "<group>"; };
		81889E251D7A5EAB00A17BF7 /* DashboardViewController.swift */ = {isa = PBXFileReference; lastKnownFileType = sourcecode.swift; path = DashboardViewController.swift; sourceTree = "<group>"; };
		81889E281D7A5EAB00A17BF7 /* Base */ = {isa = PBXFileReference; lastKnownFileType = file.storyboard; name = Base; path = Base.lproj/Main.storyboard; sourceTree = "<group>"; };
		81889E2B1D7A5EAB00A17BF7 /* Stepr.xcdatamodel */ = {isa = PBXFileReference; lastKnownFileType = wrapper.xcdatamodel; path = Stepr.xcdatamodel; sourceTree = "<group>"; };
		81889E2D1D7A5EAB00A17BF7 /* Assets.xcassets */ = {isa = PBXFileReference; lastKnownFileType = folder.assetcatalog; path = Assets.xcassets; sourceTree = "<group>"; };
		81889E301D7A5EAB00A17BF7 /* Base */ = {isa = PBXFileReference; lastKnownFileType = file.storyboard; name = Base; path = Base.lproj/LaunchScreen.storyboard; sourceTree = "<group>"; };
		81889E321D7A5EAB00A17BF7 /* Info.plist */ = {isa = PBXFileReference; lastKnownFileType = text.plist.xml; path = Info.plist; sourceTree = "<group>"; };
		81EF73E61D81ADD4007C97C0 /* Util.swift */ = {isa = PBXFileReference; fileEncoding = 4; lastKnownFileType = sourcecode.swift; path = Util.swift; sourceTree = "<group>"; };
		81EF73E81D81B1D7007C97C0 /* Gadget+CoreDataProperties.swift */ = {isa = PBXFileReference; fileEncoding = 4; lastKnownFileType = sourcecode.swift; name = "Gadget+CoreDataProperties.swift"; path = "../Gadget+CoreDataProperties.swift"; sourceTree = "<group>"; };
		81EF73E91D81B1D7007C97C0 /* Gadget.swift */ = {isa = PBXFileReference; fileEncoding = 4; lastKnownFileType = sourcecode.swift; name = Gadget.swift; path = ../Gadget.swift; sourceTree = "<group>"; };
/* End PBXFileReference section */

/* Begin PBXFrameworksBuildPhase section */
		81889E1D1D7A5EAB00A17BF7 /* Frameworks */ = {
			isa = PBXFrameworksBuildPhase;
			buildActionMask = 2147483647;
			files = (
				8177072D1D83548A001EAE12 /* HealthKit.framework in Frameworks */,
			);
			runOnlyForDeploymentPostprocessing = 0;
		};
/* End PBXFrameworksBuildPhase section */

/* Begin PBXGroup section */
		8104CFD31D903B2D00CF37E9 /* Gadget Store Prototype Cells */ = {
			isa = PBXGroup;
			children = (
				817707651D8B76ED001EAE12 /* GadgetStoreTableViewCell.swift */,
				8104CFD41D903B4800CF37E9 /* PointsInWalletTableViewCell.swift */,
			);
			name = "Gadget Store Prototype Cells";
			sourceTree = "<group>";
		};
		817707331D8474EB001EAE12 /* History */ = {
			isa = PBXGroup;
			children = (
				8177072F1D8474E6001EAE12 /* History+CoreDataProperties.swift */,
				817707301D8474E6001EAE12 /* History.swift */,
				81845AA01D8DEB7C00E26800 /* HistoryViewController.swift */,
			);
			name = History;
			sourceTree = "<group>";
		};
		817707341D84CF45001EAE12 /* Dashboard Prototype Cells */ = {
			isa = PBXGroup;
			children = (
				817707351D84CF80001EAE12 /* StepsInWalletTableViewCell.swift */,
				817707371D84CFB5001EAE12 /* TodaysDataTableViewCell.swift */,
				817707391D84CFDB001EAE12 /* LevelTableViewCell.swift */,
				8177073B1D84CFFF001EAE12 /* HighScoreTableViewCell.swift */,
				8177073D1D84D022001EAE12 /* GadgetTableViewCell.swift */,
			);
			name = "Dashboard Prototype Cells";
			sourceTree = "<group>";
		};
		817707671D8CB585001EAE12 /* Dashboard */ = {
			isa = PBXGroup;
			children = (
				817707341D84CF45001EAE12 /* Dashboard Prototype Cells */,
				8177072A1D834DED001EAE12 /* DashboardModel.swift */,
				81889E251D7A5EAB00A17BF7 /* DashboardViewController.swift */,
			);
			name = Dashboard;
			sourceTree = "<group>";
		};
		81845AA41D8E32F900E26800 /* Settings */ = {
			isa = PBXGroup;
			children = (
				81845AA21D8DEE9500E26800 /* SettingsViewController.swift */,
			);
			name = Settings;
			sourceTree = "<group>";
		};
		81845AA51D8E330900E26800 /* Achievements */ = {
			isa = PBXGroup;
			children = (
				81845AA61D8E337F00E26800 /* AchievemntsViewController.swift */,
			);
			name = Achievements;
			sourceTree = "<group>";
		};
		81889E171D7A5EAB00A17BF7 = {
			isa = PBXGroup;
			children = (
				8177072C1D83548A001EAE12 /* HealthKit.framework */,
				81889E221D7A5EAB00A17BF7 /* Stepr */,
				81889E211D7A5EAB00A17BF7 /* Products */,
			);
			sourceTree = "<group>";
		};
		81889E211D7A5EAB00A17BF7 /* Products */ = {
			isa = PBXGroup;
			children = (
				81889E201D7A5EAB00A17BF7 /* Stepr.app */,
			);
			name = Products;
			sourceTree = "<group>";
		};
		81889E221D7A5EAB00A17BF7 /* Stepr */ = {
			isa = PBXGroup;
			children = (
				817707671D8CB585001EAE12 /* Dashboard */,
				81EF73EC1D81B1F2007C97C0 /* Gadget */,
				817707331D8474EB001EAE12 /* History */,
				81845AA51D8E330900E26800 /* Achievements */,
				81845AA41D8E32F900E26800 /* Settings */,
				8177072E1D83548A001EAE12 /* Stepr.entitlements */,
				81889E231D7A5EAB00A17BF7 /* AppDelegate.swift */,
				81EF73E61D81ADD4007C97C0 /* Util.swift */,
				81889E271D7A5EAB00A17BF7 /* Main.storyboard */,
				81889E2D1D7A5EAB00A17BF7 /* Assets.xcassets */,
				81889E2F1D7A5EAB00A17BF7 /* LaunchScreen.storyboard */,
				81889E321D7A5EAB00A17BF7 /* Info.plist */,
				81889E2A1D7A5EAB00A17BF7 /* Stepr.xcdatamodeld */,
			);
			name = Stepr;
			path = StepCounter;
			sourceTree = "<group>";
		};
		81EF73EC1D81B1F2007C97C0 /* Gadget */ = {
			isa = PBXGroup;
			children = (
				8104CFD31D903B2D00CF37E9 /* Gadget Store Prototype Cells */,
				817707631D8A3E90001EAE12 /* GadgetDescriptionViewController.swift */,
				817707611D8A3E6B001EAE12 /* GadgetStoreViewController.swift */,
				81EF73E81D81B1D7007C97C0 /* Gadget+CoreDataProperties.swift */,
				81EF73E91D81B1D7007C97C0 /* Gadget.swift */,
			);
			name = Gadget;
			sourceTree = "<group>";
		};
/* End PBXGroup section */

/* Begin PBXNativeTarget section */
		81889E1F1D7A5EAB00A17BF7 /* Stepr */ = {
			isa = PBXNativeTarget;
			buildConfigurationList = 81889E351D7A5EAB00A17BF7 /* Build configuration list for PBXNativeTarget "Stepr" */;
			buildPhases = (
				81889E1C1D7A5EAB00A17BF7 /* Sources */,
				81889E1D1D7A5EAB00A17BF7 /* Frameworks */,
				81889E1E1D7A5EAB00A17BF7 /* Resources */,
			);
			buildRules = (
			);
			dependencies = (
			);
			name = Stepr;
			productName = StepCounter;
			productReference = 81889E201D7A5EAB00A17BF7 /* Stepr.app */;
			productType = "com.apple.product-type.application";
		};
/* End PBXNativeTarget section */

/* Begin PBXProject section */
		81889E181D7A5EAB00A17BF7 /* Project object */ = {
			isa = PBXProject;
			attributes = {
				LastSwiftUpdateCheck = 0730;
				LastUpgradeCheck = 0730;
				ORGANIZATIONNAME = "James Ormond";
				TargetAttributes = {
					81889E1F1D7A5EAB00A17BF7 = {
						CreatedOnToolsVersion = 7.3.1;
						DevelopmentTeam = S4362VH5CT;
						SystemCapabilities = {
							com.apple.HealthKit = {
								enabled = 1;
							};
						};
					};
				};
			};
			buildConfigurationList = 81889E1B1D7A5EAB00A17BF7 /* Build configuration list for PBXProject "Stepr" */;
			compatibilityVersion = "Xcode 3.2";
			developmentRegion = English;
			hasScannedForEncodings = 0;
			knownRegions = (
				en,
				Base,
			);
			mainGroup = 81889E171D7A5EAB00A17BF7;
			productRefGroup = 81889E211D7A5EAB00A17BF7 /* Products */;
			projectDirPath = "";
			projectRoot = "";
			targets = (
				81889E1F1D7A5EAB00A17BF7 /* Stepr */,
			);
		};
/* End PBXProject section */

/* Begin PBXResourcesBuildPhase section */
		81889E1E1D7A5EAB00A17BF7 /* Resources */ = {
			isa = PBXResourcesBuildPhase;
			buildActionMask = 2147483647;
			files = (
				81889E311D7A5EAB00A17BF7 /* LaunchScreen.storyboard in Resources */,
				81889E2E1D7A5EAB00A17BF7 /* Assets.xcassets in Resources */,
				81889E291D7A5EAB00A17BF7 /* Main.storyboard in Resources */,
			);
			runOnlyForDeploymentPostprocessing = 0;
		};
/* End PBXResourcesBuildPhase section */

/* Begin PBXSourcesBuildPhase section */
		81889E1C1D7A5EAB00A17BF7 /* Sources */ = {
			isa = PBXSourcesBuildPhase;
			buildActionMask = 2147483647;
			files = (
				81845AA71D8E337F00E26800 /* AchievemntsViewController.swift in Sources */,
				817707361D84CF80001EAE12 /* StepsInWalletTableViewCell.swift in Sources */,
				817707321D8474E6001EAE12 /* History.swift in Sources */,
				8177073A1D84CFDB001EAE12 /* LevelTableViewCell.swift in Sources */,
				817707661D8B76ED001EAE12 /* GadgetStoreTableViewCell.swift in Sources */,
				817707311D8474E6001EAE12 /* History+CoreDataProperties.swift in Sources */,
				81845AA31D8DEE9500E26800 /* SettingsViewController.swift in Sources */,
				8177072B1D834DED001EAE12 /* DashboardModel.swift in Sources */,
				817707621D8A3E6B001EAE12 /* GadgetStoreViewController.swift in Sources */,
				81889E2C1D7A5EAB00A17BF7 /* Stepr.xcdatamodeld in Sources */,
				81EF73EA1D81B1D7007C97C0 /* Gadget+CoreDataProperties.swift in Sources */,
				81889E261D7A5EAB00A17BF7 /* DashboardViewController.swift in Sources */,
				8177073C1D84CFFF001EAE12 /* HighScoreTableViewCell.swift in Sources */,
				8177073E1D84D022001EAE12 /* GadgetTableViewCell.swift in Sources */,
				817707381D84CFB5001EAE12 /* TodaysDataTableViewCell.swift in Sources */,
				81889E241D7A5EAB00A17BF7 /* AppDelegate.swift in Sources */,
				8104CFD51D903B4800CF37E9 /* PointsInWalletTableViewCell.swift in Sources */,
				81EF73E71D81ADD4007C97C0 /* Util.swift in Sources */,
				81845AA11D8DEB7C00E26800 /* HistoryViewController.swift in Sources */,
				81EF73EB1D81B1D7007C97C0 /* Gadget.swift in Sources */,
				817707641D8A3E90001EAE12 /* GadgetDescriptionViewController.swift in Sources */,
			);
			runOnlyForDeploymentPostprocessing = 0;
		};
/* End PBXSourcesBuildPhase section */

/* Begin PBXVariantGroup section */
		81889E271D7A5EAB00A17BF7 /* Main.storyboard */ = {
			isa = PBXVariantGroup;
			children = (
				81889E281D7A5EAB00A17BF7 /* Base */,
			);
			name = Main.storyboard;
			sourceTree = "<group>";
		};
		81889E2F1D7A5EAB00A17BF7 /* LaunchScreen.storyboard */ = {
			isa = PBXVariantGroup;
			children = (
				81889E301D7A5EAB00A17BF7 /* Base */,
			);
			name = LaunchScreen.storyboard;
			sourceTree = "<group>";
		};
/* End PBXVariantGroup section */

/* Begin XCBuildConfiguration section */
		81889E331D7A5EAB00A17BF7 /* Debug */ = {
			isa = XCBuildConfiguration;
			buildSettings = {
				ALWAYS_SEARCH_USER_PATHS = NO;
				CLANG_ANALYZER_NONNULL = YES;
				CLANG_CXX_LANGUAGE_STANDARD = "gnu++0x";
				CLANG_CXX_LIBRARY = "libc++";
				CLANG_ENABLE_MODULES = YES;
				CLANG_ENABLE_OBJC_ARC = YES;
				CLANG_WARN_BOOL_CONVERSION = YES;
				CLANG_WARN_CONSTANT_CONVERSION = YES;
				CLANG_WARN_DIRECT_OBJC_ISA_USAGE = YES_ERROR;
				CLANG_WARN_EMPTY_BODY = YES;
				CLANG_WARN_ENUM_CONVERSION = YES;
				CLANG_WARN_INT_CONVERSION = YES;
				CLANG_WARN_OBJC_ROOT_CLASS = YES_ERROR;
				CLANG_WARN_UNREACHABLE_CODE = YES;
				CLANG_WARN__DUPLICATE_METHOD_MATCH = YES;
				"CODE_SIGN_IDENTITY[sdk=iphoneos*]" = "iPhone Developer";
				COPY_PHASE_STRIP = NO;
				DEBUG_INFORMATION_FORMAT = dwarf;
				ENABLE_STRICT_OBJC_MSGSEND = YES;
				ENABLE_TESTABILITY = YES;
				GCC_C_LANGUAGE_STANDARD = gnu99;
				GCC_DYNAMIC_NO_PIC = NO;
				GCC_NO_COMMON_BLOCKS = YES;
				GCC_OPTIMIZATION_LEVEL = 0;
				GCC_PREPROCESSOR_DEFINITIONS = (
					"DEBUG=1",
					"$(inherited)",
				);
				GCC_WARN_64_TO_32_BIT_CONVERSION = YES;
				GCC_WARN_ABOUT_RETURN_TYPE = YES_ERROR;
				GCC_WARN_UNDECLARED_SELECTOR = YES;
				GCC_WARN_UNINITIALIZED_AUTOS = YES_AGGRESSIVE;
				GCC_WARN_UNUSED_FUNCTION = YES;
				GCC_WARN_UNUSED_VARIABLE = YES;
				IPHONEOS_DEPLOYMENT_TARGET = 9.3;
				MTL_ENABLE_DEBUG_INFO = YES;
				ONLY_ACTIVE_ARCH = YES;
				SDKROOT = iphoneos;
				SWIFT_OPTIMIZATION_LEVEL = "-Onone";
			};
			name = Debug;
		};
		81889E341D7A5EAB00A17BF7 /* Release */ = {
			isa = XCBuildConfiguration;
			buildSettings = {
				ALWAYS_SEARCH_USER_PATHS = NO;
				CLANG_ANALYZER_NONNULL = YES;
				CLANG_CXX_LANGUAGE_STANDARD = "gnu++0x";
				CLANG_CXX_LIBRARY = "libc++";
				CLANG_ENABLE_MODULES = YES;
				CLANG_ENABLE_OBJC_ARC = YES;
				CLANG_WARN_BOOL_CONVERSION = YES;
				CLANG_WARN_CONSTANT_CONVERSION = YES;
				CLANG_WARN_DIRECT_OBJC_ISA_USAGE = YES_ERROR;
				CLANG_WARN_EMPTY_BODY = YES;
				CLANG_WARN_ENUM_CONVERSION = YES;
				CLANG_WARN_INT_CONVERSION = YES;
				CLANG_WARN_OBJC_ROOT_CLASS = YES_ERROR;
				CLANG_WARN_UNREACHABLE_CODE = YES;
				CLANG_WARN__DUPLICATE_METHOD_MATCH = YES;
				"CODE_SIGN_IDENTITY[sdk=iphoneos*]" = "iPhone Developer";
				COPY_PHASE_STRIP = NO;
				DEBUG_INFORMATION_FORMAT = "dwarf-with-dsym";
				ENABLE_NS_ASSERTIONS = NO;
				ENABLE_STRICT_OBJC_MSGSEND = YES;
				GCC_C_LANGUAGE_STANDARD = gnu99;
				GCC_NO_COMMON_BLOCKS = YES;
				GCC_WARN_64_TO_32_BIT_CONVERSION = YES;
				GCC_WARN_ABOUT_RETURN_TYPE = YES_ERROR;
				GCC_WARN_UNDECLARED_SELECTOR = YES;
				GCC_WARN_UNINITIALIZED_AUTOS = YES_AGGRESSIVE;
				GCC_WARN_UNUSED_FUNCTION = YES;
				GCC_WARN_UNUSED_VARIABLE = YES;
				IPHONEOS_DEPLOYMENT_TARGET = 9.3;
				MTL_ENABLE_DEBUG_INFO = NO;
				SDKROOT = iphoneos;
				VALIDATE_PRODUCT = YES;
			};
			name = Release;
		};
		81889E361D7A5EAB00A17BF7 /* Debug */ = {
			isa = XCBuildConfiguration;
			buildSettings = {
				ASSETCATALOG_COMPILER_APPICON_NAME = AppIcon;
				CODE_SIGN_ENTITLEMENTS = Stepr.entitlements;
				CODE_SIGN_IDENTITY = "iPhone Developer";
				"CODE_SIGN_IDENTITY[sdk=iphoneos*]" = "iPhone Developer";
				INFOPLIST_FILE = StepCounter/Info.plist;
				LD_RUNPATH_SEARCH_PATHS = "$(inherited) @executable_path/Frameworks";
				PRODUCT_BUNDLE_IDENTIFIER = com.jmsormond.Stepr;
				PRODUCT_NAME = Stepr;
				PROVISIONING_PROFILE = "";
				TARGETED_DEVICE_FAMILY = 1;
			};
			name = Debug;
		};
		81889E371D7A5EAB00A17BF7 /* Release */ = {
			isa = XCBuildConfiguration;
			buildSettings = {
				ASSETCATALOG_COMPILER_APPICON_NAME = AppIcon;
				CODE_SIGN_ENTITLEMENTS = Stepr.entitlements;
				CODE_SIGN_IDENTITY = "iPhone Developer";
				"CODE_SIGN_IDENTITY[sdk=iphoneos*]" = "iPhone Developer";
				INFOPLIST_FILE = StepCounter/Info.plist;
				LD_RUNPATH_SEARCH_PATHS = "$(inherited) @executable_path/Frameworks";
				PRODUCT_BUNDLE_IDENTIFIER = com.jmsormond.Stepr;
				PRODUCT_NAME = Stepr;
				PROVISIONING_PROFILE = "";
				TARGETED_DEVICE_FAMILY = 1;
			};
			name = Release;
		};
/* End XCBuildConfiguration section */

/* Begin XCConfigurationList section */
		81889E1B1D7A5EAB00A17BF7 /* Build configuration list for PBXProject "Stepr" */ = {
			isa = XCConfigurationList;
			buildConfigurations = (
				81889E331D7A5EAB00A17BF7 /* Debug */,
				81889E341D7A5EAB00A17BF7 /* Release */,
			);
			defaultConfigurationIsVisible = 0;
			defaultConfigurationName = Release;
		};
		81889E351D7A5EAB00A17BF7 /* Build configuration list for PBXNativeTarget "Stepr" */ = {
			isa = XCConfigurationList;
			buildConfigurations = (
				81889E361D7A5EAB00A17BF7 /* Debug */,
				81889E371D7A5EAB00A17BF7 /* Release */,
			);
			defaultConfigurationIsVisible = 0;
			defaultConfigurationName = Release;
		};
/* End XCConfigurationList section */

/* Begin XCVersionGroup section */
		81889E2A1D7A5EAB00A17BF7 /* Stepr.xcdatamodeld */ = {
			isa = XCVersionGroup;
			children = (
				81889E2B1D7A5EAB00A17BF7 /* Stepr.xcdatamodel */,
			);
			currentVersion = 81889E2B1D7A5EAB00A17BF7 /* Stepr.xcdatamodel */;
			path = Stepr.xcdatamodeld;
			sourceTree = "<group>";
			versionGroupType = wrapper.xcdatamodel;
		};
/* End XCVersionGroup section */
	};
	rootObject = 81889E181D7A5EAB00A17BF7 /* Project object */;
}
